// !$*UTF8*$!
{
	archiveVersion = 1;
	classes = {
	};
	objectVersion = 46;
	objects = {

/* Begin PBXBuildFile section */
		A5B3D5572467509B000BEF3B /* AppDelegate.swift in Sources */ = {isa = PBXBuildFile; fileRef = A5B3D5562467509B000BEF3B /* AppDelegate.swift */; };
		A5B3D5592467509B000BEF3B /* ViewController.swift in Sources */ = {isa = PBXBuildFile; fileRef = A5B3D5582467509B000BEF3B /* ViewController.swift */; };
		A5B3D55C2467509B000BEF3B /* Main.storyboard in Resources */ = {isa = PBXBuildFile; fileRef = A5B3D55A2467509B000BEF3B /* Main.storyboard */; };
		A5B3D55E2467509B000BEF3B /* Assets.xcassets in Resources */ = {isa = PBXBuildFile; fileRef = A5B3D55D2467509B000BEF3B /* Assets.xcassets */; };
		A5B3D5612467509B000BEF3B /* LaunchScreen.storyboard in Resources */ = {isa = PBXBuildFile; fileRef = A5B3D55F2467509B000BEF3B /* LaunchScreen.storyboard */; };
		A5B3D56C2467509C000BEF3B /* Ejemplo11752052015Tests.swift in Sources */ = {isa = PBXBuildFile; fileRef = A5B3D56B2467509C000BEF3B /* Ejemplo11752052015Tests.swift */; };
		A5B3D5772467509C000BEF3B /* Ejemplo11752052015UITests.swift in Sources */ = {isa = PBXBuildFile; fileRef = A5B3D5762467509C000BEF3B /* Ejemplo11752052015UITests.swift */; };
/* End PBXBuildFile section */

/* Begin PBXContainerItemProxy section */
		A5B3D5682467509C000BEF3B /* PBXContainerItemProxy */ = {
			isa = PBXContainerItemProxy;
			containerPortal = A5B3D54B2467509B000BEF3B /* Project object */;
			proxyType = 1;
			remoteGlobalIDString = A5B3D5522467509B000BEF3B;
			remoteInfo = Ejemplo11752052015;
		};
		A5B3D5732467509C000BEF3B /* PBXContainerItemProxy */ = {
			isa = PBXContainerItemProxy;
			containerPortal = A5B3D54B2467509B000BEF3B /* Project object */;
			proxyType = 1;
			remoteGlobalIDString = A5B3D5522467509B000BEF3B;
			remoteInfo = Ejemplo11752052015;
		};
/* End PBXContainerItemProxy section */

/* Begin PBXFileReference section */
		A5B3D5532467509B000BEF3B /* Ejemplo11752052015.app */ = {isa = PBXFileReference; explicitFileType = wrapper.application; includeInIndex = 0; path = Ejemplo11752052015.app; sourceTree = BUILT_PRODUCTS_DIR; };
		A5B3D5562467509B000BEF3B /* AppDelegate.swift */ = {isa = PBXFileReference; lastKnownFileType = sourcecode.swift; path = AppDelegate.swift; sourceTree = "<group>"; };
		A5B3D5582467509B000BEF3B /* ViewController.swift */ = {isa = PBXFileReference; lastKnownFileType = sourcecode.swift; path = ViewController.swift; sourceTree = "<group>"; };
		A5B3D55B2467509B000BEF3B /* Base */ = {isa = PBXFileReference; lastKnownFileType = file.storyboard; name = Base; path = Base.lproj/Main.storyboard; sourceTree = "<group>"; };
		A5B3D55D2467509B000BEF3B /* Assets.xcassets */ = {isa = PBXFileReference; lastKnownFileType = folder.assetcatalog; path = Assets.xcassets; sourceTree = "<group>"; };
		A5B3D5602467509B000BEF3B /* Base */ = {isa = PBXFileReference; lastKnownFileType = file.storyboard; name = Base; path = Base.lproj/LaunchScreen.storyboard; sourceTree = "<group>"; };
		A5B3D5622467509B000BEF3B /* Info.plist */ = {isa = PBXFileReference; lastKnownFileType = text.plist.xml; path = Info.plist; sourceTree = "<group>"; };
		A5B3D5672467509C000BEF3B /* Ejemplo11752052015Tests.xctest */ = {isa = PBXFileReference; explicitFileType = wrapper.cfbundle; includeInIndex = 0; path = Ejemplo11752052015Tests.xctest; sourceTree = BUILT_PRODUCTS_DIR; };
		A5B3D56B2467509C000BEF3B /* Ejemplo11752052015Tests.swift */ = {isa = PBXFileReference; lastKnownFileType = sourcecode.swift; path = Ejemplo11752052015Tests.swift; sourceTree = "<group>"; };
		A5B3D56D2467509C000BEF3B /* Info.plist */ = {isa = PBXFileReference; lastKnownFileType = text.plist.xml; path = Info.plist; sourceTree = "<group>"; };
		A5B3D5722467509C000BEF3B /* Ejemplo11752052015UITests.xctest */ = {isa = PBXFileReference; explicitFileType = wrapper.cfbundle; includeInIndex = 0; path = Ejemplo11752052015UITests.xctest; sourceTree = BUILT_PRODUCTS_DIR; };
		A5B3D5762467509C000BEF3B /* Ejemplo11752052015UITests.swift */ = {isa = PBXFileReference; lastKnownFileType = sourcecode.swift; path = Ejemplo11752052015UITests.swift; sourceTree = "<group>"; };
		A5B3D5782467509C000BEF3B /* Info.plist */ = {isa = PBXFileReference; lastKnownFileType = text.plist.xml; path = Info.plist; sourceTree = "<group>"; };
/* End PBXFileReference section */

/* Begin PBXFrameworksBuildPhase section */
		A5B3D5502467509B000BEF3B /* Frameworks */ = {
			isa = PBXFrameworksBuildPhase;
			buildActionMask = 2147483647;
			files = (
			);
			runOnlyForDeploymentPostprocessing = 0;
		};
		A5B3D5642467509C000BEF3B /* Frameworks */ = {
			isa = PBXFrameworksBuildPhase;
			buildActionMask = 2147483647;
			files = (
			);
			runOnlyForDeploymentPostprocessing = 0;
		};
		A5B3D56F2467509C000BEF3B /* Frameworks */ = {
			isa = PBXFrameworksBuildPhase;
			buildActionMask = 2147483647;
			files = (
			);
			runOnlyForDeploymentPostprocessing = 0;
		};
/* End PBXFrameworksBuildPhase section */

/* Begin PBXGroup section */
		A5B3D54A2467509B000BEF3B = {
			isa = PBXGroup;
			children = (
				A5B3D5552467509B000BEF3B /* Ejemplo11752052015 */,
				A5B3D56A2467509C000BEF3B /* Ejemplo11752052015Tests */,
				A5B3D5752467509C000BEF3B /* Ejemplo11752052015UITests */,
				A5B3D5542467509B000BEF3B /* Products */,
			);
			sourceTree = "<group>";
		};
		A5B3D5542467509B000BEF3B /* Products */ = {
			isa = PBXGroup;
			children = (
				A5B3D5532467509B000BEF3B /* Ejemplo11752052015.app */,
				A5B3D5672467509C000BEF3B /* Ejemplo11752052015Tests.xctest */,
				A5B3D5722467509C000BEF3B /* Ejemplo11752052015UITests.xctest */,
			);
			name = Products;
			sourceTree = "<group>";
		};
		A5B3D5552467509B000BEF3B /* Ejemplo11752052015 */ = {
			isa = PBXGroup;
			children = (
				A5B3D5562467509B000BEF3B /* AppDelegate.swift */,
				A5B3D5582467509B000BEF3B /* ViewController.swift */,
				A5B3D55A2467509B000BEF3B /* Main.storyboard */,
				A5B3D55D2467509B000BEF3B /* Assets.xcassets */,
				A5B3D55F2467509B000BEF3B /* LaunchScreen.storyboard */,
				A5B3D5622467509B000BEF3B /* Info.plist */,
			);
			path = Ejemplo11752052015;
			sourceTree = "<group>";
		};
		A5B3D56A2467509C000BEF3B /* Ejemplo11752052015Tests */ = {
			isa = PBXGroup;
			children = (
				A5B3D56B2467509C000BEF3B /* Ejemplo11752052015Tests.swift */,
				A5B3D56D2467509C000BEF3B /* Info.plist */,
			);
			path = Ejemplo11752052015Tests;
			sourceTree = "<group>";
		};
		A5B3D5752467509C000BEF3B /* Ejemplo11752052015UITests */ = {
			isa = PBXGroup;
			children = (
				A5B3D5762467509C000BEF3B /* Ejemplo11752052015UITests.swift */,
				A5B3D5782467509C000BEF3B /* Info.plist */,
			);
			path = Ejemplo11752052015UITests;
			sourceTree = "<group>";
		};
/* End PBXGroup section */

/* Begin PBXNativeTarget section */
		A5B3D5522467509B000BEF3B /* Ejemplo11752052015 */ = {
			isa = PBXNativeTarget;
			buildConfigurationList = A5B3D57B2467509C000BEF3B /* Build configuration list for PBXNativeTarget "Ejemplo11752052015" */;
			buildPhases = (
				A5B3D54F2467509B000BEF3B /* Sources */,
				A5B3D5502467509B000BEF3B /* Frameworks */,
				A5B3D5512467509B000BEF3B /* Resources */,
			);
			buildRules = (
			);
			dependencies = (
			);
			name = Ejemplo11752052015;
			productName = Ejemplo11752052015;
			productReference = A5B3D5532467509B000BEF3B /* Ejemplo11752052015.app */;
			productType = "com.apple.product-type.application";
		};
		A5B3D5662467509C000BEF3B /* Ejemplo11752052015Tests */ = {
			isa = PBXNativeTarget;
			buildConfigurationList = A5B3D57E2467509C000BEF3B /* Build configuration list for PBXNativeTarget "Ejemplo11752052015Tests" */;
			buildPhases = (
				A5B3D5632467509C000BEF3B /* Sources */,
				A5B3D5642467509C000BEF3B /* Frameworks */,
				A5B3D5652467509C000BEF3B /* Resources */,
			);
			buildRules = (
			);
			dependencies = (
				A5B3D5692467509C000BEF3B /* PBXTargetDependency */,
			);
			name = Ejemplo11752052015Tests;
			productName = Ejemplo11752052015Tests;
			productReference = A5B3D5672467509C000BEF3B /* Ejemplo11752052015Tests.xctest */;
			productType = "com.apple.product-type.bundle.unit-test";
		};
		A5B3D5712467509C000BEF3B /* Ejemplo11752052015UITests */ = {
			isa = PBXNativeTarget;
			buildConfigurationList = A5B3D5812467509C000BEF3B /* Build configuration list for PBXNativeTarget "Ejemplo11752052015UITests" */;
			buildPhases = (
				A5B3D56E2467509C000BEF3B /* Sources */,
				A5B3D56F2467509C000BEF3B /* Frameworks */,
				A5B3D5702467509C000BEF3B /* Resources */,
			);
			buildRules = (
			);
			dependencies = (
				A5B3D5742467509C000BEF3B /* PBXTargetDependency */,
			);
			name = Ejemplo11752052015UITests;
			productName = Ejemplo11752052015UITests;
			productReference = A5B3D5722467509C000BEF3B /* Ejemplo11752052015UITests.xctest */;
			productType = "com.apple.product-type.bundle.ui-testing";
		};
/* End PBXNativeTarget section */

/* Begin PBXProject section */
		A5B3D54B2467509B000BEF3B /* Project object */ = {
			isa = PBXProject;
			attributes = {
				LastSwiftUpdateCheck = 0820;
				LastUpgradeCheck = 0820;
				ORGANIZATIONNAME = Douglas;
				TargetAttributes = {
					A5B3D5522467509B000BEF3B = {
						CreatedOnToolsVersion = 8.2;
						ProvisioningStyle = Automatic;
					};
					A5B3D5662467509C000BEF3B = {
						CreatedOnToolsVersion = 8.2;
						ProvisioningStyle = Automatic;
						TestTargetID = A5B3D5522467509B000BEF3B;
					};
					A5B3D5712467509C000BEF3B = {
						CreatedOnToolsVersion = 8.2;
						ProvisioningStyle = Automatic;
						TestTargetID = A5B3D5522467509B000BEF3B;
					};
				};
			};
			buildConfigurationList = A5B3D54E2467509B000BEF3B /* Build configuration list for PBXProject "Ejemplo11752052015" */;
			compatibilityVersion = "Xcode 3.2";
			developmentRegion = English;
			hasScannedForEncodings = 0;
			knownRegions = (
				en,
				Base,
			);
			mainGroup = A5B3D54A2467509B000BEF3B;
			productRefGroup = A5B3D5542467509B000BEF3B /* Products */;
			projectDirPath = "";
			projectRoot = "";
			targets = (
				A5B3D5522467509B000BEF3B /* Ejemplo11752052015 */,
				A5B3D5662467509C000BEF3B /* Ejemplo11752052015Tests */,
				A5B3D5712467509C000BEF3B /* Ejemplo11752052015UITests */,
			);
		};
/* End PBXProject section */

/* Begin PBXResourcesBuildPhase section */
		A5B3D5512467509B000BEF3B /* Resources */ = {
			isa = PBXResourcesBuildPhase;
			buildActionMask = 2147483647;
			files = (
				A5B3D5612467509B000BEF3B /* LaunchScreen.storyboard in Resources */,
				A5B3D55E2467509B000BEF3B /* Assets.xcassets in Resources */,
				A5B3D55C2467509B000BEF3B /* Main.storyboard in Resources */,
			);
			runOnlyForDeploymentPostprocessing = 0;
		};
		A5B3D5652467509C000BEF3B /* Resources */ = {
			isa = PBXResourcesBuildPhase;
			buildActionMask = 2147483647;
			files = (
			);
			runOnlyForDeploymentPostprocessing = 0;
		};
		A5B3D5702467509C000BEF3B /* Resources */ = {
			isa = PBXResourcesBuildPhase;
			buildActionMask = 2147483647;
			files = (
			);
			runOnlyForDeploymentPostprocessing = 0;
		};
/* End PBXResourcesBuildPhase section */

/* Begin PBXSourcesBuildPhase section */
		A5B3D54F2467509B000BEF3B /* Sources */ = {
			isa = PBXSourcesBuildPhase;
			buildActionMask = 2147483647;
			files = (
				A5B3D5592467509B000BEF3B /* ViewController.swift in Sources */,
				A5B3D5572467509B000BEF3B /* AppDelegate.swift in Sources */,
			);
			runOnlyForDeploymentPostprocessing = 0;
		};
		A5B3D5632467509C000BEF3B /* Sources */ = {
			isa = PBXSourcesBuildPhase;
			buildActionMask = 2147483647;
			files = (
				A5B3D56C2467509C000BEF3B /* Ejemplo11752052015Tests.swift in Sources */,
			);
			runOnlyForDeploymentPostprocessing = 0;
		};
		A5B3D56E2467509C000BEF3B /* Sources */ = {
			isa = PBXSourcesBuildPhase;
			buildActionMask = 2147483647;
			files = (
				A5B3D5772467509C000BEF3B /* Ejemplo11752052015UITests.swift in Sources */,
			);
			runOnlyForDeploymentPostprocessing = 0;
		};
/* End PBXSourcesBuildPhase section */

/* Begin PBXTargetDependency section */
		A5B3D5692467509C000BEF3B /* PBXTargetDependency */ = {
			isa = PBXTargetDependency;
			target = A5B3D5522467509B000BEF3B /* Ejemplo11752052015 */;
			targetProxy = A5B3D5682467509C000BEF3B /* PBXContainerItemProxy */;
		};
		A5B3D5742467509C000BEF3B /* PBXTargetDependency */ = {
			isa = PBXTargetDependency;
			target = A5B3D5522467509B000BEF3B /* Ejemplo11752052015 */;
			targetProxy = A5B3D5732467509C000BEF3B /* PBXContainerItemProxy */;
		};
/* End PBXTargetDependency section */

/* Begin PBXVariantGroup section */
		A5B3D55A2467509B000BEF3B /* Main.storyboard */ = {
			isa = PBXVariantGroup;
			children = (
				A5B3D55B2467509B000BEF3B /* Base */,
			);
			name = Main.storyboard;
			sourceTree = "<group>";
		};
		A5B3D55F2467509B000BEF3B /* LaunchScreen.storyboard */ = {
			isa = PBXVariantGroup;
			children = (
				A5B3D5602467509B000BEF3B /* Base */,
			);
			name = LaunchScreen.storyboard;
			sourceTree = "<group>";
		};
/* End PBXVariantGroup section */

/* Begin XCBuildConfiguration section */
		A5B3D5792467509C000BEF3B /* Debug */ = {
			isa = XCBuildConfiguration;
			buildSettings = {
				ALWAYS_SEARCH_USER_PATHS = NO;
				CLANG_ANALYZER_NONNULL = YES;
				CLANG_CXX_LANGUAGE_STANDARD = "gnu++0x";
				CLANG_CXX_LIBRARY = "libc++";
				CLANG_ENABLE_MODULES = YES;
				CLANG_ENABLE_OBJC_ARC = YES;
				CLANG_WARN_BOOL_CONVERSION = YES;
				CLANG_WARN_CONSTANT_CONVERSION = YES;
				CLANG_WARN_DIRECT_OBJC_ISA_USAGE = YES_ERROR;
				CLANG_WARN_DOCUMENTATION_COMMENTS = YES;
				CLANG_WARN_EMPTY_BODY = YES;
				CLANG_WARN_ENUM_CONVERSION = YES;
				CLANG_WARN_INFINITE_RECURSION = YES;
				CLANG_WARN_INT_CONVERSION = YES;
				CLANG_WARN_OBJC_ROOT_CLASS = YES_ERROR;
				CLANG_WARN_SUSPICIOUS_MOVE = YES;
				CLANG_WARN_UNREACHABLE_CODE = YES;
				CLANG_WARN__DUPLICATE_METHOD_MATCH = YES;
				"CODE_SIGN_IDENTITY[sdk=iphoneos*]" = "iPhone Developer";
				COPY_PHASE_STRIP = NO;
				DEBUG_INFORMATION_FORMAT = dwarf;
				ENABLE_STRICT_OBJC_MSGSEND = YES;
				ENABLE_TESTABILITY = YES;
				GCC_C_LANGUAGE_STANDARD = gnu99;
				GCC_DYNAMIC_NO_PIC = NO;
				GCC_NO_COMMON_BLOCKS = YES;
				GCC_OPTIMIZATION_LEVEL = 0;
				GCC_PREPROCESSOR_DEFINITIONS = (
					"DEBUG=1",
					"$(inherited)",
				);
				GCC_WARN_64_TO_32_BIT_CONVERSION = YES;
				GCC_WARN_ABOUT_RETURN_TYPE = YES_ERROR;
				GCC_WARN_UNDECLARED_SELECTOR = YES;
				GCC_WARN_UNINITIALIZED_AUTOS = YES_AGGRESSIVE;
				GCC_WARN_UNUSED_FUNCTION = YES;
				GCC_WARN_UNUSED_VARIABLE = YES;
				IPHONEOS_DEPLOYMENT_TARGET = 10.2;
				MTL_ENABLE_DEBUG_INFO = YES;
				ONLY_ACTIVE_ARCH = YES;
				SDKROOT = iphoneos;
				SWIFT_ACTIVE_COMPILATION_CONDITIONS = DEBUG;
				SWIFT_OPTIMIZATION_LEVEL = "-Onone";
			};
			name = Debug;
		};
		A5B3D57A2467509C000BEF3B /* Release */ = {
			isa = XCBuildConfiguration;
			buildSettings = {
				ALWAYS_SEARCH_USER_PATHS = NO;
				CLANG_ANALYZER_NONNULL = YES;
				CLANG_CXX_LANGUAGE_STANDARD = "gnu++0x";
				CLANG_CXX_LIBRARY = "libc++";
				CLANG_ENABLE_MODULES = YES;
				CLANG_ENABLE_OBJC_ARC = YES;
				CLANG_WARN_BOOL_CONVERSION = YES;
				CLANG_WARN_CONSTANT_CONVERSION = YES;
				CLANG_WARN_DIRECT_OBJC_ISA_USAGE = YES_ERROR;
				CLANG_WARN_DOCUMENTATION_COMMENTS = YES;
				CLANG_WARN_EMPTY_BODY = YES;
				CLANG_WARN_ENUM_CONVERSION = YES;
				CLANG_WARN_INFINITE_RECURSION = YES;
				CLANG_WARN_INT_CONVERSION = YES;
				CLANG_WARN_OBJC_ROOT_CLASS = YES_ERROR;
				CLANG_WARN_SUSPICIOUS_MOVE = YES;
				CLANG_WARN_UNREACHABLE_CODE = YES;
				CLANG_WARN__DUPLICATE_METHOD_MATCH = YES;
				"CODE_SIGN_IDENTITY[sdk=iphoneos*]" = "iPhone Developer";
				COPY_PHASE_STRIP = NO;
				DEBUG_INFORMATION_FORMAT = "dwarf-with-dsym";
				ENABLE_NS_ASSERTIONS = NO;
				ENABLE_STRICT_OBJC_MSGSEND = YES;
				GCC_C_LANGUAGE_STANDARD = gnu99;
				GCC_NO_COMMON_BLOCKS = YES;
				GCC_WARN_64_TO_32_BIT_CONVERSION = YES;
				GCC_WARN_ABOUT_RETURN_TYPE = YES_ERROR;
				GCC_WARN_UNDECLARED_SELECTOR = YES;
				GCC_WARN_UNINITIALIZED_AUTOS = YES_AGGRESSIVE;
				GCC_WARN_UNUSED_FUNCTION = YES;
				GCC_WARN_UNUSED_VARIABLE = YES;
				IPHONEOS_DEPLOYMENT_TARGET = 10.2;
				MTL_ENABLE_DEBUG_INFO = NO;
				SDKROOT = iphoneos;
				SWIFT_OPTIMIZATION_LEVEL = "-Owholemodule";
				VALIDATE_PRODUCT = YES;
			};
			name = Release;
		};
		A5B3D57C2467509C000BEF3B /* Debug */ = {
			isa = XCBuildConfiguration;
			buildSettings = {
				ASSETCATALOG_COMPILER_APPICON_NAME = AppIcon;
				INFOPLIST_FILE = Ejemplo11752052015/Info.plist;
				LD_RUNPATH_SEARCH_PATHS = "$(inherited) @executable_path/Frameworks";
				PRODUCT_BUNDLE_IDENTIFIER = etps3.Ejemplo11752052015;
				PRODUCT_NAME = "$(TARGET_NAME)";
				SWIFT_VERSION = 3.0;
			};
			name = Debug;
		};
		A5B3D57D2467509C000BEF3B /* Release */ = {
			isa = XCBuildConfiguration;
			buildSettings = {
				ASSETCATALOG_COMPILER_APPICON_NAME = AppIcon;
				INFOPLIST_FILE = Ejemplo11752052015/Info.plist;
				LD_RUNPATH_SEARCH_PATHS = "$(inherited) @executable_path/Frameworks";
				PRODUCT_BUNDLE_IDENTIFIER = etps3.Ejemplo11752052015;
				PRODUCT_NAME = "$(TARGET_NAME)";
				SWIFT_VERSION = 3.0;
			};
			name = Release;
		};
		A5B3D57F2467509C000BEF3B /* Debug */ = {
			isa = XCBuildConfiguration;
			buildSettings = {
				ALWAYS_EMBED_SWIFT_STANDARD_LIBRARIES = YES;
				BUNDLE_LOADER = "$(TEST_HOST)";
				INFOPLIST_FILE = Ejemplo11752052015Tests/Info.plist;
				LD_RUNPATH_SEARCH_PATHS = "$(inherited) @executable_path/Frameworks @loader_path/Frameworks";
				PRODUCT_BUNDLE_IDENTIFIER = etps3.Ejemplo11752052015Tests;
				PRODUCT_NAME = "$(TARGET_NAME)";
				SWIFT_VERSION = 3.0;
				TEST_HOST = "$(BUILT_PRODUCTS_DIR)/Ejemplo11752052015.app/Ejemplo11752052015";
			};
			name = Debug;
		};
		A5B3D5802467509C000BEF3B /* Release */ = {
			isa = XCBuildConfiguration;
			buildSettings = {
				ALWAYS_EMBED_SWIFT_STANDARD_LIBRARIES = YES;
				BUNDLE_LOADER = "$(TEST_HOST)";
				INFOPLIST_FILE = Ejemplo11752052015Tests/Info.plist;
				LD_RUNPATH_SEARCH_PATHS = "$(inherited) @executable_path/Frameworks @loader_path/Frameworks";
				PRODUCT_BUNDLE_IDENTIFIER = etps3.Ejemplo11752052015Tests;
				PRODUCT_NAME = "$(TARGET_NAME)";
				SWIFT_VERSION = 3.0;
				TEST_HOST = "$(BUILT_PRODUCTS_DIR)/Ejemplo11752052015.app/Ejemplo11752052015";
			};
			name = Release;
		};
		A5B3D5822467509C000BEF3B /* Debug */ = {
			isa = XCBuildConfiguration;
			buildSettings = {
				ALWAYS_EMBED_SWIFT_STANDARD_LIBRARIES = YES;
				INFOPLIST_FILE = Ejemplo11752052015UITests/Info.plist;
				LD_RUNPATH_SEARCH_PATHS = "$(inherited) @executable_path/Frameworks @loader_path/Frameworks";
				PRODUCT_BUNDLE_IDENTIFIER = etps3.Ejemplo11752052015UITests;
				PRODUCT_NAME = "$(TARGET_NAME)";
				SWIFT_VERSION = 3.0;
				TEST_TARGET_NAME = Ejemplo11752052015;
			};
			name = Debug;
		};
		A5B3D5832467509C000BEF3B /* Release */ = {
			isa = XCBuildConfiguration;
			buildSettings = {
				ALWAYS_EMBED_SWIFT_STANDARD_LIBRARIES = YES;
				INFOPLIST_FILE = Ejemplo11752052015UITests/Info.plist;
				LD_RUNPATH_SEARCH_PATHS = "$(inherited) @executable_path/Frameworks @loader_path/Frameworks";
				PRODUCT_BUNDLE_IDENTIFIER = etps3.Ejemplo11752052015UITests;
				PRODUCT_NAME = "$(TARGET_NAME)";
				SWIFT_VERSION = 3.0;
				TEST_TARGET_NAME = Ejemplo11752052015;
			};
			name = Release;
		};
/* End XCBuildConfiguration section */

/* Begin XCConfigurationList section */
		A5B3D54E2467509B000BEF3B /* Build configuration list for PBXProject "Ejemplo11752052015" */ = {
			isa = XCConfigurationList;
			buildConfigurations = (
				A5B3D5792467509C000BEF3B /* Debug */,
				A5B3D57A2467509C000BEF3B /* Release */,
			);
			defaultConfigurationIsVisible = 0;
			defaultConfigurationName = Release;
		};
		A5B3D57B2467509C000BEF3B /* Build configuration list for PBXNativeTarget "Ejemplo11752052015" */ = {
			isa = XCConfigurationList;
			buildConfigurations = (
				A5B3D57C2467509C000BEF3B /* Debug */,
				A5B3D57D2467509C000BEF3B /* Release */,
			);
			defaultConfigurationIsVisible = 0;
		};
		A5B3D57E2467509C000BEF3B /* Build configuration list for PBXNativeTarget "Ejemplo11752052015Tests" */ = {
			isa = XCConfigurationList;
			buildConfigurations = (
				A5B3D57F2467509C000BEF3B /* Debug */,
				A5B3D5802467509C000BEF3B /* Release */,
			);
			defaultConfigurationIsVisible = 0;
		};
		A5B3D5812467509C000BEF3B /* Build configuration list for PBXNativeTarget "Ejemplo11752052015UITests" */ = {
			isa = XCConfigurationList;
			buildConfigurations = (
				A5B3D5822467509C000BEF3B /* Debug */,
				A5B3D5832467509C000BEF3B /* Release */,
			);
			defaultConfigurationIsVisible = 0;
		};
/* End XCConfigurationList section */
	};
	rootObject = A5B3D54B2467509B000BEF3B /* Project object */;
}
