// !$*UTF8*$!
{
	archiveVersion = 1;
	classes = {
	};
	objectVersion = 46;
	objects = {

/* Begin PBXBuildFile section */
		A5E6281B2471047300310143 /* AppDelegate.swift in Sources */ = {isa = PBXBuildFile; fileRef = A5E6281A2471047300310143 /* AppDelegate.swift */; };
		A5E6281E2471047300310143 /* Libros1752052015.xcdatamodeld in Sources */ = {isa = PBXBuildFile; fileRef = A5E6281C2471047300310143 /* Libros1752052015.xcdatamodeld */; };
		A5E628202471047300310143 /* MasterViewController.swift in Sources */ = {isa = PBXBuildFile; fileRef = A5E6281F2471047300310143 /* MasterViewController.swift */; };
		A5E628222471047300310143 /* DetailViewController.swift in Sources */ = {isa = PBXBuildFile; fileRef = A5E628212471047300310143 /* DetailViewController.swift */; };
		A5E628252471047300310143 /* Main.storyboard in Resources */ = {isa = PBXBuildFile; fileRef = A5E628232471047300310143 /* Main.storyboard */; };
		A5E628272471047300310143 /* Assets.xcassets in Resources */ = {isa = PBXBuildFile; fileRef = A5E628262471047300310143 /* Assets.xcassets */; };
		A5E6282A2471047300310143 /* LaunchScreen.storyboard in Resources */ = {isa = PBXBuildFile; fileRef = A5E628282471047300310143 /* LaunchScreen.storyboard */; };
		A5E62833247104E700310143 /* Libros+CoreDataClass.swift in Sources */ = {isa = PBXBuildFile; fileRef = A5E62831247104E700310143 /* Libros+CoreDataClass.swift */; };
		A5E62834247104E700310143 /* Libros+CoreDataProperties.swift in Sources */ = {isa = PBXBuildFile; fileRef = A5E62832247104E700310143 /* Libros+CoreDataProperties.swift */; };
/* End PBXBuildFile section */

/* Begin PBXFileReference section */
		A5E628172471047300310143 /* Libros1752052015.app */ = {isa = PBXFileReference; explicitFileType = wrapper.application; includeInIndex = 0; path = Libros1752052015.app; sourceTree = BUILT_PRODUCTS_DIR; };
		A5E6281A2471047300310143 /* AppDelegate.swift */ = {isa = PBXFileReference; lastKnownFileType = sourcecode.swift; path = AppDelegate.swift; sourceTree = "<group>"; };
		A5E6281D2471047300310143 /* Libros1752052015.xcdatamodel */ = {isa = PBXFileReference; lastKnownFileType = wrapper.xcdatamodel; path = Libros1752052015.xcdatamodel; sourceTree = "<group>"; };
		A5E6281F2471047300310143 /* MasterViewController.swift */ = {isa = PBXFileReference; lastKnownFileType = sourcecode.swift; path = MasterViewController.swift; sourceTree = "<group>"; };
		A5E628212471047300310143 /* DetailViewController.swift */ = {isa = PBXFileReference; lastKnownFileType = sourcecode.swift; path = DetailViewController.swift; sourceTree = "<group>"; };
		A5E628242471047300310143 /* Base */ = {isa = PBXFileReference; lastKnownFileType = file.storyboard; name = Base; path = Base.lproj/Main.storyboard; sourceTree = "<group>"; };
		A5E628262471047300310143 /* Assets.xcassets */ = {isa = PBXFileReference; lastKnownFileType = folder.assetcatalog; path = Assets.xcassets; sourceTree = "<group>"; };
		A5E628292471047300310143 /* Base */ = {isa = PBXFileReference; lastKnownFileType = file.storyboard; name = Base; path = Base.lproj/LaunchScreen.storyboard; sourceTree = "<group>"; };
		A5E6282B2471047300310143 /* Info.plist */ = {isa = PBXFileReference; lastKnownFileType = text.plist.xml; path = Info.plist; sourceTree = "<group>"; };
		A5E62831247104E700310143 /* Libros+CoreDataClass.swift */ = {isa = PBXFileReference; fileEncoding = 4; lastKnownFileType = sourcecode.swift; path = "Libros+CoreDataClass.swift"; sourceTree = "<group>"; };
		A5E62832247104E700310143 /* Libros+CoreDataProperties.swift */ = {isa = PBXFileReference; fileEncoding = 4; lastKnownFileType = sourcecode.swift; path = "Libros+CoreDataProperties.swift"; sourceTree = "<group>"; };
/* End PBXFileReference section */

/* Begin PBXFrameworksBuildPhase section */
		A5E628142471047300310143 /* Frameworks */ = {
			isa = PBXFrameworksBuildPhase;
			buildActionMask = 2147483647;
			files = (
			);
			runOnlyForDeploymentPostprocessing = 0;
		};
/* End PBXFrameworksBuildPhase section */

/* Begin PBXGroup section */
		A5E6280E2471047300310143 = {
			isa = PBXGroup;
			children = (
				A5E62831247104E700310143 /* Libros+CoreDataClass.swift */,
				A5E62832247104E700310143 /* Libros+CoreDataProperties.swift */,
				A5E628192471047300310143 /* Libros1752052015 */,
				A5E628182471047300310143 /* Products */,
			);
			sourceTree = "<group>";
		};
		A5E628182471047300310143 /* Products */ = {
			isa = PBXGroup;
			children = (
				A5E628172471047300310143 /* Libros1752052015.app */,
			);
			name = Products;
			sourceTree = "<group>";
		};
		A5E628192471047300310143 /* Libros1752052015 */ = {
			isa = PBXGroup;
			children = (
				A5E6281A2471047300310143 /* AppDelegate.swift */,
				A5E6281F2471047300310143 /* MasterViewController.swift */,
				A5E628212471047300310143 /* DetailViewController.swift */,
				A5E628232471047300310143 /* Main.storyboard */,
				A5E628262471047300310143 /* Assets.xcassets */,
				A5E628282471047300310143 /* LaunchScreen.storyboard */,
				A5E6282B2471047300310143 /* Info.plist */,
				A5E6281C2471047300310143 /* Libros1752052015.xcdatamodeld */,
			);
			path = Libros1752052015;
			sourceTree = "<group>";
		};
/* End PBXGroup section */

/* Begin PBXNativeTarget section */
		A5E628162471047300310143 /* Libros1752052015 */ = {
			isa = PBXNativeTarget;
			buildConfigurationList = A5E6282E2471047300310143 /* Build configuration list for PBXNativeTarget "Libros1752052015" */;
			buildPhases = (
				A5E628132471047300310143 /* Sources */,
				A5E628142471047300310143 /* Frameworks */,
				A5E628152471047300310143 /* Resources */,
			);
			buildRules = (
			);
			dependencies = (
			);
			name = Libros1752052015;
			productName = Libros1752052015;
			productReference = A5E628172471047300310143 /* Libros1752052015.app */;
			productType = "com.apple.product-type.application";
		};
/* End PBXNativeTarget section */

/* Begin PBXProject section */
		A5E6280F2471047300310143 /* Project object */ = {
			isa = PBXProject;
			attributes = {
				LastSwiftUpdateCheck = 0820;
				LastUpgradeCheck = 0820;
				ORGANIZATIONNAME = Douglas;
				TargetAttributes = {
					A5E628162471047300310143 = {
						CreatedOnToolsVersion = 8.2;
						ProvisioningStyle = Automatic;
					};
				};
			};
			buildConfigurationList = A5E628122471047300310143 /* Build configuration list for PBXProject "Libros1752052015" */;
			compatibilityVersion = "Xcode 3.2";
			developmentRegion = English;
			hasScannedForEncodings = 0;
			knownRegions = (
				en,
				Base,
			);
			mainGroup = A5E6280E2471047300310143;
			productRefGroup = A5E628182471047300310143 /* Products */;
			projectDirPath = "";
			projectRoot = "";
			targets = (
				A5E628162471047300310143 /* Libros1752052015 */,
			);
		};
/* End PBXProject section */

/* Begin PBXResourcesBuildPhase section */
		A5E628152471047300310143 /* Resources */ = {
			isa = PBXResourcesBuildPhase;
			buildActionMask = 2147483647;
			files = (
				A5E6282A2471047300310143 /* LaunchScreen.storyboard in Resources */,
				A5E628272471047300310143 /* Assets.xcassets in Resources */,
				A5E628252471047300310143 /* Main.storyboard in Resources */,
			);
			runOnlyForDeploymentPostprocessing = 0;
		};
/* End PBXResourcesBuildPhase section */

/* Begin PBXSourcesBuildPhase section */
		A5E628132471047300310143 /* Sources */ = {
			isa = PBXSourcesBuildPhase;
			buildActionMask = 2147483647;
			files = (
				A5E62834247104E700310143 /* Libros+CoreDataProperties.swift in Sources */,
				A5E6281E2471047300310143 /* Libros1752052015.xcdatamodeld in Sources */,
				A5E6281B2471047300310143 /* AppDelegate.swift in Sources */,
				A5E628202471047300310143 /* MasterViewController.swift in Sources */,
				A5E62833247104E700310143 /* Libros+CoreDataClass.swift in Sources */,
				A5E628222471047300310143 /* DetailViewController.swift in Sources */,
			);
			runOnlyForDeploymentPostprocessing = 0;
		};
/* End PBXSourcesBuildPhase section */

/* Begin PBXVariantGroup section */
		A5E628232471047300310143 /* Main.storyboard */ = {
			isa = PBXVariantGroup;
			children = (
				A5E628242471047300310143 /* Base */,
			);
			name = Main.storyboard;
			sourceTree = "<group>";
		};
		A5E628282471047300310143 /* LaunchScreen.storyboard */ = {
			isa = PBXVariantGroup;
			children = (
				A5E628292471047300310143 /* Base */,
			);
			name = LaunchScreen.storyboard;
			sourceTree = "<group>";
		};
/* End PBXVariantGroup section */

/* Begin XCBuildConfiguration section */
		A5E6282C2471047300310143 /* Debug */ = {
			isa = XCBuildConfiguration;
			buildSettings = {
				ALWAYS_SEARCH_USER_PATHS = NO;
				CLANG_ANALYZER_NONNULL = YES;
				CLANG_CXX_LANGUAGE_STANDARD = "gnu++0x";
				CLANG_CXX_LIBRARY = "libc++";
				CLANG_ENABLE_MODULES = YES;
				CLANG_ENABLE_OBJC_ARC = YES;
				CLANG_WARN_BOOL_CONVERSION = YES;
				CLANG_WARN_CONSTANT_CONVERSION = YES;
				CLANG_WARN_DIRECT_OBJC_ISA_USAGE = YES_ERROR;
				CLANG_WARN_DOCUMENTATION_COMMENTS = YES;
				CLANG_WARN_EMPTY_BODY = YES;
				CLANG_WARN_ENUM_CONVERSION = YES;
				CLANG_WARN_INFINITE_RECURSION = YES;
				CLANG_WARN_INT_CONVERSION = YES;
				CLANG_WARN_OBJC_ROOT_CLASS = YES_ERROR;
				CLANG_WARN_SUSPICIOUS_MOVE = YES;
				CLANG_WARN_UNREACHABLE_CODE = YES;
				CLANG_WARN__DUPLICATE_METHOD_MATCH = YES;
				"CODE_SIGN_IDENTITY[sdk=iphoneos*]" = "iPhone Developer";
				COPY_PHASE_STRIP = NO;
				DEBUG_INFORMATION_FORMAT = dwarf;
				ENABLE_STRICT_OBJC_MSGSEND = YES;
				ENABLE_TESTABILITY = YES;
				GCC_C_LANGUAGE_STANDARD = gnu99;
				GCC_DYNAMIC_NO_PIC = NO;
				GCC_NO_COMMON_BLOCKS = YES;
				GCC_OPTIMIZATION_LEVEL = 0;
				GCC_PREPROCESSOR_DEFINITIONS = (
					"DEBUG=1",
					"$(inherited)",
				);
				GCC_WARN_64_TO_32_BIT_CONVERSION = YES;
				GCC_WARN_ABOUT_RETURN_TYPE = YES_ERROR;
				GCC_WARN_UNDECLARED_SELECTOR = YES;
				GCC_WARN_UNINITIALIZED_AUTOS = YES_AGGRESSIVE;
				GCC_WARN_UNUSED_FUNCTION = YES;
				GCC_WARN_UNUSED_VARIABLE = YES;
				IPHONEOS_DEPLOYMENT_TARGET = 10.2;
				MTL_ENABLE_DEBUG_INFO = YES;
				ONLY_ACTIVE_ARCH = YES;
				SDKROOT = iphoneos;
				SWIFT_ACTIVE_COMPILATION_CONDITIONS = DEBUG;
				SWIFT_OPTIMIZATION_LEVEL = "-Onone";
			};
			name = Debug;
		};
		A5E6282D2471047300310143 /* Release */ = {
			isa = XCBuildConfiguration;
			buildSettings = {
				ALWAYS_SEARCH_USER_PATHS = NO;
				CLANG_ANALYZER_NONNULL = YES;
				CLANG_CXX_LANGUAGE_STANDARD = "gnu++0x";
				CLANG_CXX_LIBRARY = "libc++";
				CLANG_ENABLE_MODULES = YES;
				CLANG_ENABLE_OBJC_ARC = YES;
				CLANG_WARN_BOOL_CONVERSION = YES;
				CLANG_WARN_CONSTANT_CONVERSION = YES;
				CLANG_WARN_DIRECT_OBJC_ISA_USAGE = YES_ERROR;
				CLANG_WARN_DOCUMENTATION_COMMENTS = YES;
				CLANG_WARN_EMPTY_BODY = YES;
				CLANG_WARN_ENUM_CONVERSION = YES;
				CLANG_WARN_INFINITE_RECURSION = YES;
				CLANG_WARN_INT_CONVERSION = YES;
				CLANG_WARN_OBJC_ROOT_CLASS = YES_ERROR;
				CLANG_WARN_SUSPICIOUS_MOVE = YES;
				CLANG_WARN_UNREACHABLE_CODE = YES;
				CLANG_WARN__DUPLICATE_METHOD_MATCH = YES;
				"CODE_SIGN_IDENTITY[sdk=iphoneos*]" = "iPhone Developer";
				COPY_PHASE_STRIP = NO;
				DEBUG_INFORMATION_FORMAT = "dwarf-with-dsym";
				ENABLE_NS_ASSERTIONS = NO;
				ENABLE_STRICT_OBJC_MSGSEND = YES;
				GCC_C_LANGUAGE_STANDARD = gnu99;
				GCC_NO_COMMON_BLOCKS = YES;
				GCC_WARN_64_TO_32_BIT_CONVERSION = YES;
				GCC_WARN_ABOUT_RETURN_TYPE = YES_ERROR;
				GCC_WARN_UNDECLARED_SELECTOR = YES;
				GCC_WARN_UNINITIALIZED_AUTOS = YES_AGGRESSIVE;
				GCC_WARN_UNUSED_FUNCTION = YES;
				GCC_WARN_UNUSED_VARIABLE = YES;
				IPHONEOS_DEPLOYMENT_TARGET = 10.2;
				MTL_ENABLE_DEBUG_INFO = NO;
				SDKROOT = iphoneos;
				SWIFT_OPTIMIZATION_LEVEL = "-Owholemodule";
				VALIDATE_PRODUCT = YES;
			};
			name = Release;
		};
		A5E6282F2471047300310143 /* Debug */ = {
			isa = XCBuildConfiguration;
			buildSettings = {
				ASSETCATALOG_COMPILER_APPICON_NAME = AppIcon;
				INFOPLIST_FILE = Libros1752052015/Info.plist;
				LD_RUNPATH_SEARCH_PATHS = "$(inherited) @executable_path/Frameworks";
				PRODUCT_BUNDLE_IDENTIFIER = etps3.Libros1752052015;
				PRODUCT_NAME = "$(TARGET_NAME)";
				SWIFT_VERSION = 3.0;
			};
			name = Debug;
		};
		A5E628302471047300310143 /* Release */ = {
			isa = XCBuildConfiguration;
			buildSettings = {
				ASSETCATALOG_COMPILER_APPICON_NAME = AppIcon;
				INFOPLIST_FILE = Libros1752052015/Info.plist;
				LD_RUNPATH_SEARCH_PATHS = "$(inherited) @executable_path/Frameworks";
				PRODUCT_BUNDLE_IDENTIFIER = etps3.Libros1752052015;
				PRODUCT_NAME = "$(TARGET_NAME)";
				SWIFT_VERSION = 3.0;
			};
			name = Release;
		};
/* End XCBuildConfiguration section */

/* Begin XCConfigurationList section */
		A5E628122471047300310143 /* Build configuration list for PBXProject "Libros1752052015" */ = {
			isa = XCConfigurationList;
			buildConfigurations = (
				A5E6282C2471047300310143 /* Debug */,
				A5E6282D2471047300310143 /* Release */,
			);
			defaultConfigurationIsVisible = 0;
			defaultConfigurationName = Release;
		};
		A5E6282E2471047300310143 /* Build configuration list for PBXNativeTarget "Libros1752052015" */ = {
			isa = XCConfigurationList;
			buildConfigurations = (
				A5E6282F2471047300310143 /* Debug */,
				A5E628302471047300310143 /* Release */,
			);
			defaultConfigurationIsVisible = 0;
		};
/* End XCConfigurationList section */

/* Begin XCVersionGroup section */
		A5E6281C2471047300310143 /* Libros1752052015.xcdatamodeld */ = {
			isa = XCVersionGroup;
			children = (
				A5E6281D2471047300310143 /* Libros1752052015.xcdatamodel */,
			);
			currentVersion = A5E6281D2471047300310143 /* Libros1752052015.xcdatamodel */;
			path = Libros1752052015.xcdatamodeld;
			sourceTree = "<group>";
			versionGroupType = wrapper.xcdatamodel;
		};
/* End XCVersionGroup section */
	};
	rootObject = A5E6280F2471047300310143 /* Project object */;
}
